// !$*UTF8*$!
{
	archiveVersion = 1;
	classes = {
	};
	objectVersion = 77;
	objects = {

/* Begin PBXBuildFile section */
		FA000000000000000000000B /* FireWidget.appex in Embed Foundation Extensions */ = {isa = PBXBuildFile; fileRef = FA0000000000000000000001 /* FireWidget.appex */; settings = {ATTRIBUTES = (RemoveHeadersOnCopy, ); }; };
		FA0000000000000000000011 /* FireCore in Frameworks */ = {isa = PBXBuildFile; productRef = FA000000000000000000000F /* FireCore */; };
		FA0000000000000000000012 /* FireCore in Frameworks */ = {isa = PBXBuildFile; productRef = FA0000000000000000000010 /* FireCore */; };
/* End PBXBuildFile section */

/* Begin PBXContainerItemProxy section */
		67EDB48B304D5F3D0092ECB6 /* PBXContainerItemProxy */ = {
			isa = PBXContainerItemProxy;
			containerPortal = 67EDB473304D5F3B0092ECB6 /* Project object */;
			proxyType = 1;
			remoteGlobalIDString = 67EDB47A304D5F3B0092ECB6;
			remoteInfo = firepeople;
		};
		67EDB495304D5F3D0092ECB6 /* PBXContainerItemProxy */ = {
			isa = PBXContainerItemProxy;
			containerPortal = 67EDB473304D5F3B0092ECB6 /* Project object */;
			proxyType = 1;
			remoteGlobalIDString = 67EDB47A304D5F3B0092ECB6;
			remoteInfo = firepeople;
		};
		FA000000000000000000000C /* PBXContainerItemProxy */ = {
			isa = PBXContainerItemProxy;
			containerPortal = 67EDB473304D5F3B0092ECB6 /* Project object */;
			proxyType = 1;
			remoteGlobalIDString = FA0000000000000000000006;
			remoteInfo = FireWidget;
		};
/* End PBXContainerItemProxy section */

/* Begin PBXCopyFilesBuildPhase section */
		FA000000000000000000000A /* Embed Foundation Extensions */ = {
			isa = PBXCopyFilesBuildPhase;
			buildActionMask = 2147483647;
			dstPath = "";
			dstSubfolderSpec = 13;
			files = (
				FA000000000000000000000B /* FireWidget.appex in Embed Foundation Extensions */,
			);
			name = "Embed Foundation Extensions";
			runOnlyForDeploymentPostprocessing = 0;
		};
/* End PBXCopyFilesBuildPhase section */

/* Begin PBXFileReference section */
		67EDB47B304D5F3B0092ECB6 /* firepeople.app */ = {isa = PBXFileReference; explicitFileType = wrapper.application; includeInIndex = 0; path = firepeople.app; sourceTree = BUILT_PRODUCTS_DIR; };
		67EDB48A304D5F3D0092ECB6 /* firepeopleTests.xctest */ = {isa = PBXFileReference; explicitFileType = wrapper.cfbundle; includeInIndex = 0; path = firepeopleTests.xctest; sourceTree = BUILT_PRODUCTS_DIR; };
		67EDB494304D5F3D0092ECB6 /* firepeopleUITests.xctest */ = {isa = PBXFileReference; explicitFileType = wrapper.cfbundle; includeInIndex = 0; path = firepeopleUITests.xctest; sourceTree = BUILT_PRODUCTS_DIR; };
		FA0000000000000000000001 /* FireWidget.appex */ = {isa = PBXFileReference; explicitFileType = "wrapper.app-extension"; includeInIndex = 0; path = FireWidget.appex; sourceTree = BUILT_PRODUCTS_DIR; };
/* End PBXFileReference section */

/* Begin PBXFileSystemSynchronizedBuildFileExceptionSet section */
		FA0000000000000000000013 /* Exceptions for "FireWidget" folder in "FireWidget" target */ = {
			isa = PBXFileSystemSynchronizedBuildFileExceptionSet;
			membershipExceptions = (
				Info.plist,
				FireWidget.entitlements,
			);
			target = FA0000000000000000000006 /* FireWidget */;
		};
/* End PBXFileSystemSynchronizedBuildFileExceptionSet section */

/* Begin PBXFileSystemSynchronizedRootGroup section */
		67EDB47D304D5F3B0092ECB6 /* firepeople */ = {
			isa = PBXFileSystemSynchronizedRootGroup;
			path = firepeople;
			sourceTree = "<group>";
		};
		67EDB48D304D5F3D0092ECB6 /* firepeopleTests */ = {
			isa = PBXFileSystemSynchronizedRootGroup;
			path = firepeopleTests;
			sourceTree = "<group>";
		};
		67EDB497304D5F3D0092ECB6 /* firepeopleUITests */ = {
			isa = PBXFileSystemSynchronizedRootGroup;
			path = firepeopleUITests;
			sourceTree = "<group>";
		};
		FA0000000000000000000002 /* FireWidget */ = {
			isa = PBXFileSystemSynchronizedRootGroup;
			exceptions = (
				FA0000000000000000000013 /* Exceptions for "FireWidget" folder in "FireWidget" target */,
			);
			path = FireWidget;
			sourceTree = "<group>";
		};
/* End PBXFileSystemSynchronizedRootGroup section */

/* Begin PBXFrameworksBuildPhase section */
		67EDB478304D5F3B0092ECB6 /* Frameworks */ = {
			isa = PBXFrameworksBuildPhase;
			buildActionMask = 2147483647;
			files = (
				FA0000000000000000000011 /* FireCore in Frameworks */,
			);
			runOnlyForDeploymentPostprocessing = 0;
		};
		67EDB487304D5F3D0092ECB6 /* Frameworks */ = {
			isa = PBXFrameworksBuildPhase;
			buildActionMask = 2147483647;
			files = (
			);
			runOnlyForDeploymentPostprocessing = 0;
		};
		67EDB491304D5F3D0092ECB6 /* Frameworks */ = {
			isa = PBXFrameworksBuildPhase;
			buildActionMask = 2147483647;
			files = (
			);
			runOnlyForDeploymentPostprocessing = 0;
		};
		FA0000000000000000000004 /* Frameworks */ = {
			isa = PBXFrameworksBuildPhase;
			buildActionMask = 2147483647;
			files = (
				FA0000000000000000000012 /* FireCore in Frameworks */,
			);
			runOnlyForDeploymentPostprocessing = 0;
		};
/* End PBXFrameworksBuildPhase section */

/* Begin PBXGroup section */
		67EDB472304D5F3B0092ECB6 = {
			isa = PBXGroup;
			children = (
				67EDB47D304D5F3B0092ECB6 /* firepeople */,
				67EDB48D304D5F3D0092ECB6 /* firepeopleTests */,
				67EDB497304D5F3D0092ECB6 /* firepeopleUITests */,
				FA0000000000000000000002 /* FireWidget */,
				67EDB47C304D5F3B0092ECB6 /* Products */,
			);
			sourceTree = "<group>";
		};
		67EDB47C304D5F3B0092ECB6 /* Products */ = {
			isa = PBXGroup;
			children = (
				67EDB47B304D5F3B0092ECB6 /* firepeople.app */,
				67EDB48A304D5F3D0092ECB6 /* firepeopleTests.xctest */,
				67EDB494304D5F3D0092ECB6 /* firepeopleUITests.xctest */,
				FA0000000000000000000001 /* FireWidget.appex */,
			);
			name = Products;
			sourceTree = "<group>";
		};
/* End PBXGroup section */

/* Begin PBXNativeTarget section */
		67EDB47A304D5F3B0092ECB6 /* firepeople */ = {
			isa = PBXNativeTarget;
			buildConfigurationList = 67EDB49E304D5F3D0092ECB6 /* Build configuration list for PBXNativeTarget "firepeople" */;
			buildPhases = (
				67EDB477304D5F3B0092ECB6 /* Sources */,
				67EDB478304D5F3B0092ECB6 /* Frameworks */,
				67EDB479304D5F3B0092ECB6 /* Resources */,
				FA000000000000000000000A /* Embed Foundation Extensions */,
			);
			buildRules = (
			);
			dependencies = (
				FA000000000000000000000D /* PBXTargetDependency */,
			);
			fileSystemSynchronizedGroups = (
				67EDB47D304D5F3B0092ECB6 /* firepeople */,
			);
			name = firepeople;
			packageProductDependencies = (
				FA000000000000000000000F /* FireCore */,
			);
			productName = firepeople;
			productReference = 67EDB47B304D5F3B0092ECB6 /* firepeople.app */;
			productType = "com.apple.product-type.application";
		};
		67EDB489304D5F3D0092ECB6 /* firepeopleTests */ = {
			isa = PBXNativeTarget;
			buildConfigurationList = 67EDB4A1304D5F3D0092ECB6 /* Build configuration list for PBXNativeTarget "firepeopleTests" */;
			buildPhases = (
				67EDB486304D5F3D0092ECB6 /* Sources */,
				67EDB487304D5F3D0092ECB6 /* Frameworks */,
				67EDB488304D5F3D0092ECB6 /* Resources */,
			);
			buildRules = (
			);
			dependencies = (
				67EDB48C304D5F3D0092ECB6 /* PBXTargetDependency */,
			);
			fileSystemSynchronizedGroups = (
				67EDB48D304D5F3D0092ECB6 /* firepeopleTests */,
			);
			name = firepeopleTests;
			packageProductDependencies = (
			);
			productName = firepeopleTests;
			productReference = 67EDB48A304D5F3D0092ECB6 /* firepeopleTests.xctest */;
			productType = "com.apple.product-type.bundle.unit-test";
		};
		67EDB493304D5F3D0092ECB6 /* firepeopleUITests */ = {
			isa = PBXNativeTarget;
			buildConfigurationList = 67EDB4A4304D5F3D0092ECB6 /* Build configuration list for PBXNativeTarget "firepeopleUITests" */;
			buildPhases = (
				67EDB490304D5F3D0092ECB6 /* Sources */,
				67EDB491304D5F3D0092ECB6 /* Frameworks */,
				67EDB492304D5F3D0092ECB6 /* Resources */,
			);
			buildRules = (
			);
			dependencies = (
				67EDB496304D5F3D0092ECB6 /* PBXTargetDependency */,
			);
			fileSystemSynchronizedGroups = (
				67EDB497304D5F3D0092ECB6 /* firepeopleUITests */,
			);
			name = firepeopleUITests;
			packageProductDependencies = (
			);
			productName = firepeopleUITests;
			productReference = 67EDB494304D5F3D0092ECB6 /* firepeopleUITests.xctest */;
			productType = "com.apple.product-type.bundle.ui-testing";
		};
		FA0000000000000000000006 /* FireWidget */ = {
			isa = PBXNativeTarget;
			buildConfigurationList = FA0000000000000000000007 /* Build configuration list for PBXNativeTarget "FireWidget" */;
			buildPhases = (
				FA0000000000000000000003 /* Sources */,
				FA0000000000000000000004 /* Frameworks */,
				FA0000000000000000000005 /* Resources */,
			);
			buildRules = (
			);
			dependencies = (
			);
			fileSystemSynchronizedGroups = (
				FA0000000000000000000002 /* FireWidget */,
			);
			name = FireWidget;
			packageProductDependencies = (
				FA0000000000000000000010 /* FireCore */,
			);
			productName = FireWidget;
			productReference = FA0000000000000000000001 /* FireWidget.appex */;
			productType = "com.apple.product-type.app-extension";
		};
/* End PBXNativeTarget section */

/* Begin PBXProject section */
		67EDB473304D5F3B0092ECB6 /* Project object */ = {
			isa = PBXProject;
			attributes = {
				BuildIndependentTargetsInParallel = 1;
				LastSwiftUpdateCheck = 2660;
				LastUpgradeCheck = 2660;
				TargetAttributes = {
					67EDB47A304D5F3B0092ECB6 = {
						CreatedOnToolsVersion = 26.6;
					};
					67EDB489304D5F3D0092ECB6 = {
						CreatedOnToolsVersion = 26.6;
						TestTargetID = 67EDB47A304D5F3B0092ECB6;
					};
					67EDB493304D5F3D0092ECB6 = {
						CreatedOnToolsVersion = 26.6;
						TestTargetID = 67EDB47A304D5F3B0092ECB6;
					};
					FA0000000000000000000006 = {
						CreatedOnToolsVersion = 26.6;
					};
				};
			};
			buildConfigurationList = 67EDB476304D5F3B0092ECB6 /* Build configuration list for PBXProject "firepeople" */;
			developmentRegion = en;
			hasScannedForEncodings = 0;
			knownRegions = (
				en,
				Base,
			);
			mainGroup = 67EDB472304D5F3B0092ECB6;
			minimizedProjectReferenceProxies = 1;
			packageReferences = (
				FA000000000000000000000E /* XCLocalSwiftPackageReference "../../Packages/FireCore" */,
			);
			preferredProjectObjectVersion = 77;
			productRefGroup = 67EDB47C304D5F3B0092ECB6 /* Products */;
			projectDirPath = "";
			projectRoot = "";
			targets = (
				67EDB47A304D5F3B0092ECB6 /* firepeople */,
				67EDB489304D5F3D0092ECB6 /* firepeopleTests */,
				67EDB493304D5F3D0092ECB6 /* firepeopleUITests */,
				FA0000000000000000000006 /* FireWidget */,
			);
		};
/* End PBXProject section */

/* Begin PBXResourcesBuildPhase section */
		67EDB479304D5F3B0092ECB6 /* Resources */ = {
			isa = PBXResourcesBuildPhase;
			buildActionMask = 2147483647;
			files = (
			);
			runOnlyForDeploymentPostprocessing = 0;
		};
		67EDB488304D5F3D0092ECB6 /* Resources */ = {
			isa = PBXResourcesBuildPhase;
			buildActionMask = 2147483647;
			files = (
			);
			runOnlyForDeploymentPostprocessing = 0;
		};
		67EDB492304D5F3D0092ECB6 /* Resources */ = {
			isa = PBXResourcesBuildPhase;
			buildActionMask = 2147483647;
			files = (
			);
			runOnlyForDeploymentPostprocessing = 0;
		};
		FA0000000000000000000005 /* Resources */ = {
			isa = PBXResourcesBuildPhase;
			buildActionMask = 2147483647;
			files = (
			);
			runOnlyForDeploymentPostprocessing = 0;
		};
/* End PBXResourcesBuildPhase section */

/* Begin PBXSourcesBuildPhase section */
		67EDB477304D5F3B0092ECB6 /* Sources */ = {
			isa = PBXSourcesBuildPhase;
			buildActionMask = 2147483647;
			files = (
			);
			runOnlyForDeploymentPostprocessing = 0;
		};
		67EDB486304D5F3D0092ECB6 /* Sources */ = {
			isa = PBXSourcesBuildPhase;
			buildActionMask = 2147483647;
			files = (
			);
			runOnlyForDeploymentPostprocessing = 0;
		};
		67EDB490304D5F3D0092ECB6 /* Sources */ = {
			isa = PBXSourcesBuildPhase;
			buildActionMask = 2147483647;
			files = (
			);
			runOnlyForDeploymentPostprocessing = 0;
		};
		FA0000000000000000000003 /* Sources */ = {
			isa = PBXSourcesBuildPhase;
			buildActionMask = 2147483647;
			files = (
			);
			runOnlyForDeploymentPostprocessing = 0;
		};
/* End PBXSourcesBuildPhase section */

/* Begin PBXTargetDependency section */
		67EDB48C304D5F3D0092ECB6 /* PBXTargetDependency */ = {
			isa = PBXTargetDependency;
			target = 67EDB47A304D5F3B0092ECB6 /* firepeople */;
			targetProxy = 67EDB48B304D5F3D0092ECB6 /* PBXContainerItemProxy */;
		};
		67EDB496304D5F3D0092ECB6 /* PBXTargetDependency */ = {
			isa = PBXTargetDependency;
			target = 67EDB47A304D5F3B0092ECB6 /* firepeople */;
			targetProxy = 67EDB495304D5F3D0092ECB6 /* PBXContainerItemProxy */;
		};
		FA000000000000000000000D /* PBXTargetDependency */ = {
			isa = PBXTargetDependency;
			target = FA0000000000000000000006 /* FireWidget */;
			targetProxy = FA000000000000000000000C /* PBXContainerItemProxy */;
		};
/* End PBXTargetDependency section */

/* Begin XCBuildConfiguration section */
		67EDB49C304D5F3D0092ECB6 /* Debug */ = {
			isa = XCBuildConfiguration;
			buildSettings = {
				ALWAYS_SEARCH_USER_PATHS = NO;
				ASSETCATALOG_COMPILER_GENERATE_SWIFT_ASSET_SYMBOL_EXTENSIONS = YES;
				CLANG_ANALYZER_NONNULL = YES;
				CLANG_ANALYZER_NUMBER_OBJECT_CONVERSION = YES_AGGRESSIVE;
				CLANG_CXX_LANGUAGE_STANDARD = "gnu++20";
				CLANG_ENABLE_MODULES = YES;
				CLANG_ENABLE_OBJC_ARC = YES;
				CLANG_ENABLE_OBJC_WEAK = YES;
				CLANG_WARN_BLOCK_CAPTURE_AUTORELEASING = YES;
				CLANG_WARN_BOOL_CONVERSION = YES;
				CLANG_WARN_COMMA = YES;
				CLANG_WARN_CONSTANT_CONVERSION = YES;
				CLANG_WARN_DEPRECATED_OBJC_IMPLEMENTATIONS = YES;
				CLANG_WARN_DIRECT_OBJC_ISA_USAGE = YES_ERROR;
				CLANG_WARN_DOCUMENTATION_COMMENTS = YES;
				CLANG_WARN_EMPTY_BODY = YES;
				CLANG_WARN_ENUM_CONVERSION = YES;
				CLANG_WARN_INFINITE_RECURSION = YES;
				CLANG_WARN_INT_CONVERSION = YES;
				CLANG_WARN_NON_LITERAL_NULL_CONVERSION = YES;
				CLANG_WARN_OBJC_IMPLICIT_RETAIN_SELF = YES;
				CLANG_WARN_OBJC_LITERAL_CONVERSION = YES;
				CLANG_WARN_OBJC_ROOT_CLASS = YES_ERROR;
				CLANG_WARN_QUOTED_INCLUDE_IN_FRAMEWORK_HEADER = YES;
				CLANG_WARN_RANGE_LOOP_ANALYSIS = YES;
				CLANG_WARN_STRICT_PROTOTYPES = YES;
				CLANG_WARN_SUSPICIOUS_MOVE = YES;
				CLANG_WARN_UNGUARDED_AVAILABILITY = YES_AGGRESSIVE;
				CLANG_WARN_UNREACHABLE_CODE = YES;
				CLANG_WARN__DUPLICATE_METHOD_MATCH = YES;
				COPY_PHASE_STRIP = NO;
				DEBUG_INFORMATION_FORMAT = dwarf;
				DEVELOPMENT_TEAM = 5J3H3972YC;
				ENABLE_STRICT_OBJC_MSGSEND = YES;
				ENABLE_TESTABILITY = YES;
				ENABLE_USER_SCRIPT_SANDBOXING = YES;
				GCC_C_LANGUAGE_STANDARD = gnu17;
				GCC_DYNAMIC_NO_PIC = NO;
				GCC_NO_COMMON_BLOCKS = YES;
				GCC_OPTIMIZATION_LEVEL = 0;
				GCC_PREPROCESSOR_DEFINITIONS = (
					"DEBUG=1",
					"$(inherited)",
				);
				GCC_WARN_64_TO_32_BIT_CONVERSION = YES;
				GCC_WARN_ABOUT_RETURN_TYPE = YES_ERROR;
				GCC_WARN_UNDECLARED_SELECTOR = YES;
				GCC_WARN_UNINITIALIZED_AUTOS = YES_AGGRESSIVE;
				GCC_WARN_UNUSED_FUNCTION = YES;
				GCC_WARN_UNUSED_VARIABLE = YES;
				IPHONEOS_DEPLOYMENT_TARGET = 17.0;
				LOCALIZATION_PREFERS_STRING_CATALOGS = YES;
				MTL_ENABLE_DEBUG_INFO = INCLUDE_SOURCE;
				MTL_FAST_MATH = YES;
				ONLY_ACTIVE_ARCH = YES;
				SDKROOT = iphoneos;
				SWIFT_ACTIVE_COMPILATION_CONDITIONS = "DEBUG $(inherited)";
				SWIFT_OPTIMIZATION_LEVEL = "-Onone";
			};
			name = Debug;
		};
		67EDB49D304D5F3D0092ECB6 /* Release */ = {
			isa = XCBuildConfiguration;
			buildSettings = {
				ALWAYS_SEARCH_USER_PATHS = NO;
				ASSETCATALOG_COMPILER_GENERATE_SWIFT_ASSET_SYMBOL_EXTENSIONS = YES;
				CLANG_ANALYZER_NONNULL = YES;
				CLANG_ANALYZER_NUMBER_OBJECT_CONVERSION = YES_AGGRESSIVE;
				CLANG_CXX_LANGUAGE_STANDARD = "gnu++20";
				CLANG_ENABLE_MODULES = YES;
				CLANG_ENABLE_OBJC_ARC = YES;
				CLANG_ENABLE_OBJC_WEAK = YES;
				CLANG_WARN_BLOCK_CAPTURE_AUTORELEASING = YES;
				CLANG_WARN_BOOL_CONVERSION = YES;
				CLANG_WARN_COMMA = YES;
				CLANG_WARN_CONSTANT_CONVERSION = YES;
				CLANG_WARN_DEPRECATED_OBJC_IMPLEMENTATIONS = YES;
				CLANG_WARN_DIRECT_OBJC_ISA_USAGE = YES_ERROR;
				CLANG_WARN_DOCUMENTATION_COMMENTS = YES;
				CLANG_WARN_EMPTY_BODY = YES;
				CLANG_WARN_ENUM_CONVERSION = YES;
				CLANG_WARN_INFINITE_RECURSION = YES;
				CLANG_WARN_INT_CONVERSION = YES;
				CLANG_WARN_NON_LITERAL_NULL_CONVERSION = YES;
				CLANG_WARN_OBJC_IMPLICIT_RETAIN_SELF = YES;
				CLANG_WARN_OBJC_LITERAL_CONVERSION = YES;
				CLANG_WARN_OBJC_ROOT_CLASS = YES_ERROR;
				CLANG_WARN_QUOTED_INCLUDE_IN_FRAMEWORK_HEADER = YES;
				CLANG_WARN_RANGE_LOOP_ANALYSIS = YES;
				CLANG_WARN_STRICT_PROTOTYPES = YES;
				CLANG_WARN_SUSPICIOUS_MOVE = YES;
				CLANG_WARN_UNGUARDED_AVAILABILITY = YES_AGGRESSIVE;
				CLANG_WARN_UNREACHABLE_CODE = YES;
				CLANG_WARN__DUPLICATE_METHOD_MATCH = YES;
				COPY_PHASE_STRIP = NO;
				DEBUG_INFORMATION_FORMAT = "dwarf-with-dsym";
				DEVELOPMENT_TEAM = 5J3H3972YC;
				ENABLE_NS_ASSERTIONS = NO;
				ENABLE_STRICT_OBJC_MSGSEND = YES;
				ENABLE_USER_SCRIPT_SANDBOXING = YES;
				GCC_C_LANGUAGE_STANDARD = gnu17;
				GCC_NO_COMMON_BLOCKS = YES;
				GCC_WARN_64_TO_32_BIT_CONVERSION = YES;
				GCC_WARN_ABOUT_RETURN_TYPE = YES_ERROR;
				GCC_WARN_UNDECLARED_SELECTOR = YES;
				GCC_WARN_UNINITIALIZED_AUTOS = YES_AGGRESSIVE;
				GCC_WARN_UNUSED_FUNCTION = YES;
				GCC_WARN_UNUSED_VARIABLE = YES;
				IPHONEOS_DEPLOYMENT_TARGET = 17.0;
				LOCALIZATION_PREFERS_STRING_CATALOGS = YES;
				MTL_ENABLE_DEBUG_INFO = NO;
				MTL_FAST_MATH = YES;
				SDKROOT = iphoneos;
				SWIFT_COMPILATION_MODE = wholemodule;
				VALIDATE_PRODUCT = YES;
			};
			name = Release;
		};
		67EDB49F304D5F3D0092ECB6 /* Debug */ = {
			isa = XCBuildConfiguration;
			buildSettings = {
				ASSETCATALOG_COMPILER_APPICON_NAME = AppIcon;
				ASSETCATALOG_COMPILER_GLOBAL_ACCENT_COLOR_NAME = AccentColor;
				CODE_SIGN_ENTITLEMENTS = firepeople.entitlements;
				CODE_SIGN_STYLE = Automatic;
				CURRENT_PROJECT_VERSION = 1;
				DEVELOPMENT_TEAM = 5J3H3972YC;
				ENABLE_PREVIEWS = YES;
				GENERATE_INFOPLIST_FILE = YES;
				INFOPLIST_KEY_UIApplicationSceneManifest_Generation = YES;
				INFOPLIST_KEY_UIApplicationSupportsIndirectInputEvents = YES;
				INFOPLIST_KEY_UILaunchScreen_Generation = YES;
				INFOPLIST_KEY_UISupportedInterfaceOrientations_iPad = "UIInterfaceOrientationPortrait UIInterfaceOrientationPortraitUpsideDown UIInterfaceOrientationLandscapeLeft UIInterfaceOrientationLandscapeRight";
				INFOPLIST_KEY_UISupportedInterfaceOrientations_iPhone = "UIInterfaceOrientationPortrait UIInterfaceOrientationLandscapeLeft UIInterfaceOrientationLandscapeRight";
				LD_RUNPATH_SEARCH_PATHS = (
					"$(inherited)",
					"@executable_path/Frameworks",
				);
				MARKETING_VERSION = 1.0;
				PRODUCT_BUNDLE_IDENTIFIER = "com.jay-lab.firepeople";
				PRODUCT_NAME = "$(TARGET_NAME)";
				STRING_CATALOG_GENERATE_SYMBOLS = YES;
				SWIFT_APPROACHABLE_CONCURRENCY = YES;
				SWIFT_DEFAULT_ACTOR_ISOLATION = MainActor;
				SWIFT_EMIT_LOC_STRINGS = YES;
				SWIFT_UPCOMING_FEATURE_MEMBER_IMPORT_VISIBILITY = YES;
				SWIFT_VERSION = 5.0;
				TARGETED_DEVICE_FAMILY = "1,2";
			};
			name = Debug;
		};
		67EDB4A0304D5F3D0092ECB6 /* Release */ = {
			isa = XCBuildConfiguration;
			buildSettings = {
				ASSETCATALOG_COMPILER_APPICON_NAME = AppIcon;
				ASSETCATALOG_COMPILER_GLOBAL_ACCENT_COLOR_NAME = AccentColor;
				CODE_SIGN_ENTITLEMENTS = firepeople.entitlements;
				CODE_SIGN_STYLE = Automatic;
				CURRENT_PROJECT_VERSION = 1;
				DEVELOPMENT_TEAM = 5J3H3972YC;
				ENABLE_PREVIEWS = YES;
				GENERATE_INFOPLIST_FILE = YES;
				INFOPLIST_KEY_UIApplicationSceneManifest_Generation = YES;
				INFOPLIST_KEY_UIApplicationSupportsIndirectInputEvents = YES;
				INFOPLIST_KEY_UILaunchScreen_Generation = YES;
				INFOPLIST_KEY_UISupportedInterfaceOrientations_iPad = "UIInterfaceOrientationPortrait UIInterfaceOrientationPortraitUpsideDown UIInterfaceOrientationLandscapeLeft UIInterfaceOrientationLandscapeRight";
				INFOPLIST_KEY_UISupportedInterfaceOrientations_iPhone = "UIInterfaceOrientationPortrait UIInterfaceOrientationLandscapeLeft UIInterfaceOrientationLandscapeRight";
				LD_RUNPATH_SEARCH_PATHS = (
					"$(inherited)",
					"@executable_path/Frameworks",
				);
				MARKETING_VERSION = 1.0;
				PRODUCT_BUNDLE_IDENTIFIER = "com.jay-lab.firepeople";
				PRODUCT_NAME = "$(TARGET_NAME)";
				STRING_CATALOG_GENERATE_SYMBOLS = YES;
				SWIFT_APPROACHABLE_CONCURRENCY = YES;
				SWIFT_DEFAULT_ACTOR_ISOLATION = MainActor;
				SWIFT_EMIT_LOC_STRINGS = YES;
				SWIFT_UPCOMING_FEATURE_MEMBER_IMPORT_VISIBILITY = YES;
				SWIFT_VERSION = 5.0;
				TARGETED_DEVICE_FAMILY = "1,2";
			};
			name = Release;
		};
		67EDB4A2304D5F3D0092ECB6 /* Debug */ = {
			isa = XCBuildConfiguration;
			buildSettings = {
				BUNDLE_LOADER = "$(TEST_HOST)";
				CODE_SIGN_STYLE = Automatic;
				CURRENT_PROJECT_VERSION = 1;
				DEVELOPMENT_TEAM = 5J3H3972YC;
				GENERATE_INFOPLIST_FILE = YES;
				IPHONEOS_DEPLOYMENT_TARGET = 17.0;
				MARKETING_VERSION = 1.0;
				PRODUCT_BUNDLE_IDENTIFIER = "com.jay-lab.firepeopleTests";
				PRODUCT_NAME = "$(TARGET_NAME)";
				STRING_CATALOG_GENERATE_SYMBOLS = NO;
				SWIFT_APPROACHABLE_CONCURRENCY = YES;
				SWIFT_EMIT_LOC_STRINGS = NO;
				SWIFT_UPCOMING_FEATURE_MEMBER_IMPORT_VISIBILITY = YES;
				SWIFT_VERSION = 5.0;
				TARGETED_DEVICE_FAMILY = "1,2";
				TEST_HOST = "$(BUILT_PRODUCTS_DIR)/firepeople.app/$(BUNDLE_EXECUTABLE_FOLDER_PATH)/firepeople";
			};
			name = Debug;
		};
		67EDB4A3304D5F3D0092ECB6 /* Release */ = {
			isa = XCBuildConfiguration;
			buildSettings = {
				BUNDLE_LOADER = "$(TEST_HOST)";
				CODE_SIGN_STYLE = Automatic;
				CURRENT_PROJECT_VERSION = 1;
				DEVELOPMENT_TEAM = 5J3H3972YC;
				GENERATE_INFOPLIST_FILE = YES;
				IPHONEOS_DEPLOYMENT_TARGET = 17.0;
				MARKETING_VERSION = 1.0;
				PRODUCT_BUNDLE_IDENTIFIER = "com.jay-lab.firepeopleTests";
				PRODUCT_NAME = "$(TARGET_NAME)";
				STRING_CATALOG_GENERATE_SYMBOLS = NO;
				SWIFT_APPROACHABLE_CONCURRENCY = YES;
				SWIFT_EMIT_LOC_STRINGS = NO;
				SWIFT_UPCOMING_FEATURE_MEMBER_IMPORT_VISIBILITY = YES;
				SWIFT_VERSION = 5.0;
				TARGETED_DEVICE_FAMILY = "1,2";
				TEST_HOST = "$(BUILT_PRODUCTS_DIR)/firepeople.app/$(BUNDLE_EXECUTABLE_FOLDER_PATH)/firepeople";
			};
			name = Release;
		};
		67EDB4A5304D5F3D0092ECB6 /* Debug */ = {
			isa = XCBuildConfiguration;
			buildSettings = {
				CODE_SIGN_STYLE = Automatic;
				CURRENT_PROJECT_VERSION = 1;
				DEVELOPMENT_TEAM = 5J3H3972YC;
				GENERATE_INFOPLIST_FILE = YES;
				MARKETING_VERSION = 1.0;
				PRODUCT_BUNDLE_IDENTIFIER = "com.jay-lab.firepeopleUITests";
				PRODUCT_NAME = "$(TARGET_NAME)";
				STRING_CATALOG_GENERATE_SYMBOLS = NO;
				SWIFT_APPROACHABLE_CONCURRENCY = YES;
				SWIFT_EMIT_LOC_STRINGS = NO;
				SWIFT_UPCOMING_FEATURE_MEMBER_IMPORT_VISIBILITY = YES;
				SWIFT_VERSION = 5.0;
				TARGETED_DEVICE_FAMILY = "1,2";
				TEST_TARGET_NAME = firepeople;
			};
			name = Debug;
		};
		67EDB4A6304D5F3D0092ECB6 /* Release */ = {
			isa = XCBuildConfiguration;
			buildSettings = {
				CODE_SIGN_STYLE = Automatic;
				CURRENT_PROJECT_VERSION = 1;
				DEVELOPMENT_TEAM = 5J3H3972YC;
				GENERATE_INFOPLIST_FILE = YES;
				MARKETING_VERSION = 1.0;
				PRODUCT_BUNDLE_IDENTIFIER = "com.jay-lab.firepeopleUITests";
				PRODUCT_NAME = "$(TARGET_NAME)";
				STRING_CATALOG_GENERATE_SYMBOLS = NO;
				SWIFT_APPROACHABLE_CONCURRENCY = YES;
				SWIFT_EMIT_LOC_STRINGS = NO;
				SWIFT_UPCOMING_FEATURE_MEMBER_IMPORT_VISIBILITY = YES;
				SWIFT_VERSION = 5.0;
				TARGETED_DEVICE_FAMILY = "1,2";
				TEST_TARGET_NAME = firepeople;
			};
			name = Release;
		};
		FA0000000000000000000008 /* Debug */ = {
			isa = XCBuildConfiguration;
			buildSettings = {
				CODE_SIGN_ENTITLEMENTS = "FireWidget/FireWidget.entitlements";
				CODE_SIGN_STYLE = Automatic;
				CURRENT_PROJECT_VERSION = 1;
				DEVELOPMENT_TEAM = 5J3H3972YC;
				GENERATE_INFOPLIST_FILE = YES;
				INFOPLIST_FILE = "FireWidget/Info.plist";
				INFOPLIST_KEY_CFBundleDisplayName = "FIRE D-Day";
				INFOPLIST_KEY_NSHumanReadableCopyright = "";
				IPHONEOS_DEPLOYMENT_TARGET = 17.0;
				LD_RUNPATH_SEARCH_PATHS = (
					"$(inherited)",
					"@executable_path/Frameworks",
					"@executable_path/../../Frameworks",
				);
				MARKETING_VERSION = 1.0;
				PRODUCT_BUNDLE_IDENTIFIER = "com.jay-lab.firepeople.FireWidget";
				PRODUCT_NAME = "$(TARGET_NAME)";
				SKIP_INSTALL = YES;
				SWIFT_APPROACHABLE_CONCURRENCY = YES;
				SWIFT_DEFAULT_ACTOR_ISOLATION = MainActor;
				SWIFT_EMIT_LOC_STRINGS = YES;
				SWIFT_UPCOMING_FEATURE_MEMBER_IMPORT_VISIBILITY = YES;
				SWIFT_VERSION = 5.0;
				TARGETED_DEVICE_FAMILY = "1,2";
			};
			name = Debug;
		};
		FA0000000000000000000009 /* Release */ = {
			isa = XCBuildConfiguration;
			buildSettings = {
				CODE_SIGN_ENTITLEMENTS = "FireWidget/FireWidget.entitlements";
				CODE_SIGN_STYLE = Automatic;
				CURRENT_PROJECT_VERSION = 1;
				DEVELOPMENT_TEAM = 5J3H3972YC;
				GENERATE_INFOPLIST_FILE = YES;
				INFOPLIST_FILE = "FireWidget/Info.plist";
				INFOPLIST_KEY_CFBundleDisplayName = "FIRE D-Day";
				INFOPLIST_KEY_NSHumanReadableCopyright = "";
				IPHONEOS_DEPLOYMENT_TARGET = 17.0;
				LD_RUNPATH_SEARCH_PATHS = (
					"$(inherited)",
					"@executable_path/Frameworks",
					"@executable_path/../../Frameworks",
				);
				MARKETING_VERSION = 1.0;
				PRODUCT_BUNDLE_IDENTIFIER = "com.jay-lab.firepeople.FireWidget";
				PRODUCT_NAME = "$(TARGET_NAME)";
				SKIP_INSTALL = YES;
				SWIFT_APPROACHABLE_CONCURRENCY = YES;
				SWIFT_DEFAULT_ACTOR_ISOLATION = MainActor;
				SWIFT_EMIT_LOC_STRINGS = YES;
				SWIFT_UPCOMING_FEATURE_MEMBER_IMPORT_VISIBILITY = YES;
				SWIFT_VERSION = 5.0;
				TARGETED_DEVICE_FAMILY = "1,2";
			};
			name = Release;
		};
/* End XCBuildConfiguration section */

/* Begin XCConfigurationList section */
		67EDB476304D5F3B0092ECB6 /* Build configuration list for PBXProject "firepeople" */ = {
			isa = XCConfigurationList;
			buildConfigurations = (
				67EDB49C304D5F3D0092ECB6 /* Debug */,
				67EDB49D304D5F3D0092ECB6 /* Release */,
			);
			defaultConfigurationIsVisible = 0;
			defaultConfigurationName = Release;
		};
		67EDB49E304D5F3D0092ECB6 /* Build configuration list for PBXNativeTarget "firepeople" */ = {
			isa = XCConfigurationList;
			buildConfigurations = (
				67EDB49F304D5F3D0092ECB6 /* Debug */,
				67EDB4A0304D5F3D0092ECB6 /* Release */,
			);
			defaultConfigurationIsVisible = 0;
			defaultConfigurationName = Release;
		};
		67EDB4A1304D5F3D0092ECB6 /* Build configuration list for PBXNativeTarget "firepeopleTests" */ = {
			isa = XCConfigurationList;
			buildConfigurations = (
				67EDB4A2304D5F3D0092ECB6 /* Debug */,
				67EDB4A3304D5F3D0092ECB6 /* Release */,
			);
			defaultConfigurationIsVisible = 0;
			defaultConfigurationName = Release;
		};
		67EDB4A4304D5F3D0092ECB6 /* Build configuration list for PBXNativeTarget "firepeopleUITests" */ = {
			isa = XCConfigurationList;
			buildConfigurations = (
				67EDB4A5304D5F3D0092ECB6 /* Debug */,
				67EDB4A6304D5F3D0092ECB6 /* Release */,
			);
			defaultConfigurationIsVisible = 0;
			defaultConfigurationName = Release;
		};
		FA0000000000000000000007 /* Build configuration list for PBXNativeTarget "FireWidget" */ = {
			isa = XCConfigurationList;
			buildConfigurations = (
				FA0000000000000000000008 /* Debug */,
				FA0000000000000000000009 /* Release */,
			);
			defaultConfigurationIsVisible = 0;
			defaultConfigurationName = Release;
		};
/* End XCConfigurationList section */

/* Begin XCLocalSwiftPackageReference section */
		FA000000000000000000000E /* XCLocalSwiftPackageReference "../../Packages/FireCore" */ = {
			isa = XCLocalSwiftPackageReference;
			relativePath = ../../Packages/FireCore;
		};
/* End XCLocalSwiftPackageReference section */

/* Begin XCSwiftPackageProductDependency section */
		FA000000000000000000000F /* FireCore */ = {
			isa = XCSwiftPackageProductDependency;
			productName = FireCore;
		};
		FA0000000000000000000010 /* FireCore */ = {
			isa = XCSwiftPackageProductDependency;
			productName = FireCore;
		};
/* End XCSwiftPackageProductDependency section */
	};
	rootObject = 67EDB473304D5F3B0092ECB6 /* Project object */;
}
